// !$*UTF8*$!
{
	archiveVersion = 1;
	classes = {
	};
	objectVersion = 56;
	objects = {

/* Begin PBXBuildFile section */
		D03FA5732B2F202D00B8D27A /* GoogleService-Info.plist in Resources */ = {isa = PBXBuildFile; fileRef = D03FA5722B2F202C00B8D27A /* GoogleService-Info.plist */; };
		D07A11D82B70FC1E00396456 /* DatabaseManager.swift in Sources */ = {isa = PBXBuildFile; fileRef = D07A11D72B70FC1E00396456 /* DatabaseManager.swift */; };
		D0C2BEAC2B5563FD00FBF2BB /* Algorithms in Frameworks */ = {isa = PBXBuildFile; productRef = D0C2BEAB2B5563FD00FBF2BB /* Algorithms */; };
		D0C2BEAD2B5567F400FBF2BB /* Pods_chatApp.framework in Frameworks */ = {isa = PBXBuildFile; fileRef = 497ED7B6D610C041D4649996 /* Pods_chatApp.framework */; };
		D0E216AD2B25F58F00308F73 /* AppDelegate.swift in Sources */ = {isa = PBXBuildFile; fileRef = D0E216AC2B25F58F00308F73 /* AppDelegate.swift */; };
		D0E216AF2B25F58F00308F73 /* SceneDelegate.swift in Sources */ = {isa = PBXBuildFile; fileRef = D0E216AE2B25F58F00308F73 /* SceneDelegate.swift */; };
		D0E216B12B25F58F00308F73 /* ConversationsViewController.swift in Sources */ = {isa = PBXBuildFile; fileRef = D0E216B02B25F58F00308F73 /* ConversationsViewController.swift */; };
		D0E216B42B25F58F00308F73 /* Main.storyboard in Resources */ = {isa = PBXBuildFile; fileRef = D0E216B22B25F58F00308F73 /* Main.storyboard */; };
		D0E216B62B25F59300308F73 /* Assets.xcassets in Resources */ = {isa = PBXBuildFile; fileRef = D0E216B52B25F59300308F73 /* Assets.xcassets */; };
		D0E216B92B25F59300308F73 /* LaunchScreen.storyboard in Resources */ = {isa = PBXBuildFile; fileRef = D0E216B72B25F59300308F73 /* LaunchScreen.storyboard */; };
		D0E216C72B2611F900308F73 /* LoginViewController.swift in Sources */ = {isa = PBXBuildFile; fileRef = D0E216C62B2611F900308F73 /* LoginViewController.swift */; };
		D0E216C92B26121900308F73 /* RegisterViewController.swift in Sources */ = {isa = PBXBuildFile; fileRef = D0E216C82B26121900308F73 /* RegisterViewController.swift */; };
		D0E216CB2B26125900308F73 /* PhotoViewerViewController.swift in Sources */ = {isa = PBXBuildFile; fileRef = D0E216CA2B26125900308F73 /* PhotoViewerViewController.swift */; };
		D0E216CD2B26127600308F73 /* VideoPlayerViewController.swift in Sources */ = {isa = PBXBuildFile; fileRef = D0E216CC2B26127600308F73 /* VideoPlayerViewController.swift */; };
		D0E216CF2B2612AC00308F73 /* NewConversationViewController.swift in Sources */ = {isa = PBXBuildFile; fileRef = D0E216CE2B2612AC00308F73 /* NewConversationViewController.swift */; };
		D0E216D12B2612D700308F73 /* ProfileViewController.swift in Sources */ = {isa = PBXBuildFile; fileRef = D0E216D02B2612D700308F73 /* ProfileViewController.swift */; };
		D0E216D42B261C2900308F73 /* Extensions.swift in Sources */ = {isa = PBXBuildFile; fileRef = D0E216D32B261C2900308F73 /* Extensions.swift */; };
/* End PBXBuildFile section */

/* Begin PBXFileReference section */
		1AA623189856C709F1459AFF /* Pods-chatApp.debug.xcconfig */ = {isa = PBXFileReference; includeInIndex = 1; lastKnownFileType = text.xcconfig; name = "Pods-chatApp.debug.xcconfig"; path = "Target Support Files/Pods-chatApp/Pods-chatApp.debug.xcconfig"; sourceTree = "<group>"; };
		497ED7B6D610C041D4649996 /* Pods_chatApp.framework */ = {isa = PBXFileReference; explicitFileType = wrapper.framework; includeInIndex = 0; path = Pods_chatApp.framework; sourceTree = BUILT_PRODUCTS_DIR; };
		69E35E8ABAC88A718401B129 /* Pods-chatApp.release.xcconfig */ = {isa = PBXFileReference; includeInIndex = 1; lastKnownFileType = text.xcconfig; name = "Pods-chatApp.release.xcconfig"; path = "Target Support Files/Pods-chatApp/Pods-chatApp.release.xcconfig"; sourceTree = "<group>"; };
		D03FA5722B2F202C00B8D27A /* GoogleService-Info.plist */ = {isa = PBXFileReference; fileEncoding = 4; lastKnownFileType = text.plist.xml; path = "GoogleService-Info.plist"; sourceTree = "<group>"; };
		D07A11D72B70FC1E00396456 /* DatabaseManager.swift */ = {isa = PBXFileReference; lastKnownFileType = sourcecode.swift; path = DatabaseManager.swift; sourceTree = "<group>"; };
		D0E216A92B25F58F00308F73 /* chatApp.app */ = {isa = PBXFileReference; explicitFileType = wrapper.application; includeInIndex = 0; path = chatApp.app; sourceTree = BUILT_PRODUCTS_DIR; };
		D0E216AC2B25F58F00308F73 /* AppDelegate.swift */ = {isa = PBXFileReference; lastKnownFileType = sourcecode.swift; path = AppDelegate.swift; sourceTree = "<group>"; };
		D0E216AE2B25F58F00308F73 /* SceneDelegate.swift */ = {isa = PBXFileReference; lastKnownFileType = sourcecode.swift; path = SceneDelegate.swift; sourceTree = "<group>"; };
		D0E216B02B25F58F00308F73 /* ConversationsViewController.swift */ = {isa = PBXFileReference; lastKnownFileType = sourcecode.swift; path = ConversationsViewController.swift; sourceTree = "<group>"; };
		D0E216B32B25F58F00308F73 /* Base */ = {isa = PBXFileReference; lastKnownFileType = file.storyboard; name = Base; path = Base.lproj/Main.storyboard; sourceTree = "<group>"; };
		D0E216B52B25F59300308F73 /* Assets.xcassets */ = {isa = PBXFileReference; lastKnownFileType = folder.assetcatalog; path = Assets.xcassets; sourceTree = "<group>"; };
		D0E216B82B25F59300308F73 /* Base */ = {isa = PBXFileReference; lastKnownFileType = file.storyboard; name = Base; path = Base.lproj/LaunchScreen.storyboard; sourceTree = "<group>"; };
		D0E216BA2B25F59300308F73 /* Info.plist */ = {isa = PBXFileReference; lastKnownFileType = text.plist.xml; path = Info.plist; sourceTree = "<group>"; };
		D0E216C62B2611F900308F73 /* LoginViewController.swift */ = {isa = PBXFileReference; lastKnownFileType = sourcecode.swift; path = LoginViewController.swift; sourceTree = "<group>"; };
		D0E216C82B26121900308F73 /* RegisterViewController.swift */ = {isa = PBXFileReference; lastKnownFileType = sourcecode.swift; path = RegisterViewController.swift; sourceTree = "<group>"; };
		D0E216CA2B26125900308F73 /* PhotoViewerViewController.swift */ = {isa = PBXFileReference; lastKnownFileType = sourcecode.swift; path = PhotoViewerViewController.swift; sourceTree = "<group>"; };
		D0E216CC2B26127600308F73 /* VideoPlayerViewController.swift */ = {isa = PBXFileReference; lastKnownFileType = sourcecode.swift; path = VideoPlayerViewController.swift; sourceTree = "<group>"; };
		D0E216CE2B2612AC00308F73 /* NewConversationViewController.swift */ = {isa = PBXFileReference; lastKnownFileType = sourcecode.swift; path = NewConversationViewController.swift; sourceTree = "<group>"; };
		D0E216D02B2612D700308F73 /* ProfileViewController.swift */ = {isa = PBXFileReference; lastKnownFileType = sourcecode.swift; path = ProfileViewController.swift; sourceTree = "<group>"; };
		D0E216D32B261C2900308F73 /* Extensions.swift */ = {isa = PBXFileReference; lastKnownFileType = sourcecode.swift; path = Extensions.swift; sourceTree = "<group>"; };
/* End PBXFileReference section */

/* Begin PBXFrameworksBuildPhase section */
		D0E216A62B25F58F00308F73 /* Frameworks */ = {
			isa = PBXFrameworksBuildPhase;
			buildActionMask = 2147483647;
			files = (
				D0C2BEAD2B5567F400FBF2BB /* Pods_chatApp.framework in Frameworks */,
				D0C2BEAC2B5563FD00FBF2BB /* Algorithms in Frameworks */,
			);
			runOnlyForDeploymentPostprocessing = 0;
		};
/* End PBXFrameworksBuildPhase section */

/* Begin PBXGroup section */
		27E8EBF3FF04C2C74ADAD2BF /* Pods */ = {
			isa = PBXGroup;
			children = (
				1AA623189856C709F1459AFF /* Pods-chatApp.debug.xcconfig */,
				69E35E8ABAC88A718401B129 /* Pods-chatApp.release.xcconfig */,
			);
			path = Pods;
			sourceTree = "<group>";
		};
		D0E216A02B25F58F00308F73 = {
			isa = PBXGroup;
			children = (
				D0E216AB2B25F58F00308F73 /* chatApp */,
				D0E216AA2B25F58F00308F73 /* Products */,
				27E8EBF3FF04C2C74ADAD2BF /* Pods */,
				DE3F02064FE606CAC6D245B9 /* Frameworks */,
			);
			sourceTree = "<group>";
		};
		D0E216AA2B25F58F00308F73 /* Products */ = {
			isa = PBXGroup;
			children = (
				D0E216A92B25F58F00308F73 /* chatApp.app */,
			);
			name = Products;
			sourceTree = "<group>";
		};
		D0E216AB2B25F58F00308F73 /* chatApp */ = {
			isa = PBXGroup;
			children = (
				D03FA5722B2F202C00B8D27A /* GoogleService-Info.plist */,
				D0E216C42B26100D00308F73 /* Resources */,
				D0E216C32B260FFD00308F73 /* ViewModels */,
				D0E216C22B260FF400308F73 /* Models */,
				D0E216C12B260FE800308F73 /* Views */,
				D0E216C02B260FDA00308F73 /* Controllers */,
				D0E216BA2B25F59300308F73 /* Info.plist */,
			);
			path = chatApp;
			sourceTree = "<group>";
		};
		D0E216C02B260FDA00308F73 /* Controllers */ = {
			isa = PBXGroup;
			children = (
				D0E216B02B25F58F00308F73 /* ConversationsViewController.swift */,
				D0E216D22B26162300308F73 /* Login */,
				D0E216CA2B26125900308F73 /* PhotoViewerViewController.swift */,
				D0E216CC2B26127600308F73 /* VideoPlayerViewController.swift */,
				D0E216CE2B2612AC00308F73 /* NewConversationViewController.swift */,
				D0E216D02B2612D700308F73 /* ProfileViewController.swift */,
			);
			path = Controllers;
			sourceTree = "<group>";
		};
		D0E216C12B260FE800308F73 /* Views */ = {
			isa = PBXGroup;
			children = (
				D0E216C52B26106300308F73 /* Storyboards */,
				D0E216B52B25F59300308F73 /* Assets.xcassets */,
			);
			path = Views;
			sourceTree = "<group>";
		};
		D0E216C22B260FF400308F73 /* Models */ = {
			isa = PBXGroup;
			children = (
			);
			path = Models;
			sourceTree = "<group>";
		};
		D0E216C32B260FFD00308F73 /* ViewModels */ = {
			isa = PBXGroup;
			children = (
			);
			path = ViewModels;
			sourceTree = "<group>";
		};
		D0E216C42B26100D00308F73 /* Resources */ = {
			isa = PBXGroup;
			children = (
				D0E216AC2B25F58F00308F73 /* AppDelegate.swift */,
				D0E216AE2B25F58F00308F73 /* SceneDelegate.swift */,
				D0E216D32B261C2900308F73 /* Extensions.swift */,
				D07A11D72B70FC1E00396456 /* DatabaseManager.swift */,
			);
			path = Resources;
			sourceTree = "<group>";
		};
		D0E216C52B26106300308F73 /* Storyboards */ = {
			isa = PBXGroup;
			children = (
				D0E216B22B25F58F00308F73 /* Main.storyboard */,
				D0E216B72B25F59300308F73 /* LaunchScreen.storyboard */,
			);
			path = Storyboards;
			sourceTree = "<group>";
		};
		D0E216D22B26162300308F73 /* Login */ = {
			isa = PBXGroup;
			children = (
				D0E216C62B2611F900308F73 /* LoginViewController.swift */,
				D0E216C82B26121900308F73 /* RegisterViewController.swift */,
			);
			path = Login;
			sourceTree = "<group>";
		};
		DE3F02064FE606CAC6D245B9 /* Frameworks */ = {
			isa = PBXGroup;
			children = (
				497ED7B6D610C041D4649996 /* Pods_chatApp.framework */,
			);
			name = Frameworks;
			sourceTree = "<group>";
		};
/* End PBXGroup section */

/* Begin PBXNativeTarget section */
		D0E216A82B25F58F00308F73 /* chatApp */ = {
			isa = PBXNativeTarget;
			buildConfigurationList = D0E216BD2B25F59300308F73 /* Build configuration list for PBXNativeTarget "chatApp" */;
			buildPhases = (
				ACBF223A4670E833157CCF1E /* [CP] Check Pods Manifest.lock */,
				D0E216A52B25F58F00308F73 /* Sources */,
				D0E216A62B25F58F00308F73 /* Frameworks */,
				D0E216A72B25F58F00308F73 /* Resources */,
				D4084B57D431DD6B762B24DB /* [CP] Embed Pods Frameworks */,
			);
			buildRules = (
			);
			dependencies = (
			);
			name = chatApp;
			packageProductDependencies = (
				D0C2BEAB2B5563FD00FBF2BB /* Algorithms */,
			);
			productName = chatApp;
			productReference = D0E216A92B25F58F00308F73 /* chatApp.app */;
			productType = "com.apple.product-type.application";
		};
/* End PBXNativeTarget section */

/* Begin PBXProject section */
		D0E216A12B25F58F00308F73 /* Project object */ = {
			isa = PBXProject;
			attributes = {
				BuildIndependentTargetsInParallel = 1;
				LastSwiftUpdateCheck = 1500;
				LastUpgradeCheck = 1500;
				TargetAttributes = {
					D0E216A82B25F58F00308F73 = {
						CreatedOnToolsVersion = 15.0;
					};
				};
			};
			buildConfigurationList = D0E216A42B25F58F00308F73 /* Build configuration list for PBXProject "chatApp" */;
			compatibilityVersion = "Xcode 14.0";
			developmentRegion = en;
			hasScannedForEncodings = 0;
			knownRegions = (
				en,
				Base,
			);
			mainGroup = D0E216A02B25F58F00308F73;
			packageReferences = (
				D0C2BEAA2B5563FD00FBF2BB /* XCRemoteSwiftPackageReference "swift-algorithms" */,
			);
			productRefGroup = D0E216AA2B25F58F00308F73 /* Products */;
			projectDirPath = "";
			projectRoot = "";
			targets = (
				D0E216A82B25F58F00308F73 /* chatApp */,
			);
		};
/* End PBXProject section */

/* Begin PBXResourcesBuildPhase section */
		D0E216A72B25F58F00308F73 /* Resources */ = {
			isa = PBXResourcesBuildPhase;
			buildActionMask = 2147483647;
			files = (
				D0E216B92B25F59300308F73 /* LaunchScreen.storyboard in Resources */,
				D03FA5732B2F202D00B8D27A /* GoogleService-Info.plist in Resources */,
				D0E216B62B25F59300308F73 /* Assets.xcassets in Resources */,
				D0E216B42B25F58F00308F73 /* Main.storyboard in Resources */,
			);
			runOnlyForDeploymentPostprocessing = 0;
		};
/* End PBXResourcesBuildPhase section */

/* Begin PBXShellScriptBuildPhase section */
		ACBF223A4670E833157CCF1E /* [CP] Check Pods Manifest.lock */ = {
			isa = PBXShellScriptBuildPhase;
			buildActionMask = 2147483647;
			files = (
			);
			inputFileListPaths = (
			);
			inputPaths = (
				"${PODS_PODFILE_DIR_PATH}/Podfile.lock",
				"${PODS_ROOT}/Manifest.lock",
			);
			name = "[CP] Check Pods Manifest.lock";
			outputFileListPaths = (
			);
			outputPaths = (
				"$(DERIVED_FILE_DIR)/Pods-chatApp-checkManifestLockResult.txt",
			);
			runOnlyForDeploymentPostprocessing = 0;
			shellPath = /bin/sh;
			shellScript = "diff \"${PODS_PODFILE_DIR_PATH}/Podfile.lock\" \"${PODS_ROOT}/Manifest.lock\" > /dev/null\nif [ $? != 0 ] ; then\n    # print error to STDERR\n    echo \"error: The sandbox is not in sync with the Podfile.lock. Run 'pod install' or update your CocoaPods installation.\" >&2\n    exit 1\nfi\n# This output is used by Xcode 'outputs' to avoid re-running this script phase.\necho \"SUCCESS\" > \"${SCRIPT_OUTPUT_FILE_0}\"\n";
			showEnvVarsInLog = 0;
		};
		D4084B57D431DD6B762B24DB /* [CP] Embed Pods Frameworks */ = {
			isa = PBXShellScriptBuildPhase;
			buildActionMask = 2147483647;
			files = (
			);
			inputFileListPaths = (
				"${PODS_ROOT}/Target Support Files/Pods-chatApp/Pods-chatApp-frameworks-${CONFIGURATION}-input-files.xcfilelist",
			);
			name = "[CP] Embed Pods Frameworks";
			outputFileListPaths = (
				"${PODS_ROOT}/Target Support Files/Pods-chatApp/Pods-chatApp-frameworks-${CONFIGURATION}-output-files.xcfilelist",
			);
			runOnlyForDeploymentPostprocessing = 0;
			shellPath = /bin/sh;
			shellScript = "\"${PODS_ROOT}/Target Support Files/Pods-chatApp/Pods-chatApp-frameworks.sh\"\n";
			showEnvVarsInLog = 0;
		};
/* End PBXShellScriptBuildPhase section */

/* Begin PBXSourcesBuildPhase section */
		D0E216A52B25F58F00308F73 /* Sources */ = {
			isa = PBXSourcesBuildPhase;
			buildActionMask = 2147483647;
			files = (
				D0E216C72B2611F900308F73 /* LoginViewController.swift in Sources */,
				D07A11D82B70FC1E00396456 /* DatabaseManager.swift in Sources */,
				D0E216C92B26121900308F73 /* RegisterViewController.swift in Sources */,
				D0E216CF2B2612AC00308F73 /* NewConversationViewController.swift in Sources */,
				D0E216B12B25F58F00308F73 /* ConversationsViewController.swift in Sources */,
				D0E216CD2B26127600308F73 /* VideoPlayerViewController.swift in Sources */,
				D0E216D42B261C2900308F73 /* Extensions.swift in Sources */,
				D0E216AD2B25F58F00308F73 /* AppDelegate.swift in Sources */,
				D0E216D12B2612D700308F73 /* ProfileViewController.swift in Sources */,
				D0E216AF2B25F58F00308F73 /* SceneDelegate.swift in Sources */,
				D0E216CB2B26125900308F73 /* PhotoViewerViewController.swift in Sources */,
			);
			runOnlyForDeploymentPostprocessing = 0;
		};
/* End PBXSourcesBuildPhase section */

/* Begin PBXVariantGroup section */
		D0E216B22B25F58F00308F73 /* Main.storyboard */ = {
			isa = PBXVariantGroup;
			children = (
				D0E216B32B25F58F00308F73 /* Base */,
			);
			name = Main.storyboard;
			sourceTree = "<group>";
		};
		D0E216B72B25F59300308F73 /* LaunchScreen.storyboard */ = {
			isa = PBXVariantGroup;
			children = (
				D0E216B82B25F59300308F73 /* Base */,
			);
			name = LaunchScreen.storyboard;
			sourceTree = "<group>";
		};
/* End PBXVariantGroup section */

/* Begin XCBuildConfiguration section */
		D0E216BB2B25F59300308F73 /* Debug */ = {
			isa = XCBuildConfiguration;
			buildSettings = {
				ALWAYS_SEARCH_USER_PATHS = NO;
				ASSETCATALOG_COMPILER_GENERATE_SWIFT_ASSET_SYMBOL_EXTENSIONS = YES;
				CLANG_ANALYZER_NONNULL = YES;
				CLANG_ANALYZER_NUMBER_OBJECT_CONVERSION = YES_AGGRESSIVE;
				CLANG_CXX_LANGUAGE_STANDARD = "gnu++20";
				CLANG_ENABLE_MODULES = YES;
				CLANG_ENABLE_OBJC_ARC = YES;
				CLANG_ENABLE_OBJC_WEAK = YES;
				CLANG_WARN_BLOCK_CAPTURE_AUTORELEASING = YES;
				CLANG_WARN_BOOL_CONVERSION = YES;
				CLANG_WARN_COMMA = YES;
				CLANG_WARN_CONSTANT_CONVERSION = YES;
				CLANG_WARN_DEPRECATED_OBJC_IMPLEMENTATIONS = YES;
				CLANG_WARN_DIRECT_OBJC_ISA_USAGE = YES_ERROR;
				CLANG_WARN_DOCUMENTATION_COMMENTS = YES;
				CLANG_WARN_EMPTY_BODY = YES;
				CLANG_WARN_ENUM_CONVERSION = YES;
				CLANG_WARN_INFINITE_RECURSION = YES;
				CLANG_WARN_INT_CONVERSION = YES;
				CLANG_WARN_NON_LITERAL_NULL_CONVERSION = YES;
				CLANG_WARN_OBJC_IMPLICIT_RETAIN_SELF = YES;
				CLANG_WARN_OBJC_LITERAL_CONVERSION = YES;
				CLANG_WARN_OBJC_ROOT_CLASS = YES_ERROR;
				CLANG_WARN_QUOTED_INCLUDE_IN_FRAMEWORK_HEADER = YES;
				CLANG_WARN_RANGE_LOOP_ANALYSIS = YES;
				CLANG_WARN_STRICT_PROTOTYPES = YES;
				CLANG_WARN_SUSPICIOUS_MOVE = YES;
				CLANG_WARN_UNGUARDED_AVAILABILITY = YES_AGGRESSIVE;
				CLANG_WARN_UNREACHABLE_CODE = YES;
				CLANG_WARN__DUPLICATE_METHOD_MATCH = YES;
				COPY_PHASE_STRIP = NO;
				DEBUG_INFORMATION_FORMAT = dwarf;
				ENABLE_STRICT_OBJC_MSGSEND = YES;
				ENABLE_TESTABILITY = YES;
				ENABLE_USER_SCRIPT_SANDBOXING = NO;
				GCC_C_LANGUAGE_STANDARD = gnu17;
				GCC_DYNAMIC_NO_PIC = NO;
				GCC_NO_COMMON_BLOCKS = YES;
				GCC_OPTIMIZATION_LEVEL = 0;
				GCC_PREPROCESSOR_DEFINITIONS = (
					"DEBUG=1",
					"$(inherited)",
				);
				GCC_WARN_64_TO_32_BIT_CONVERSION = YES;
				GCC_WARN_ABOUT_RETURN_TYPE = YES_ERROR;
				GCC_WARN_UNDECLARED_SELECTOR = YES;
				GCC_WARN_UNINITIALIZED_AUTOS = YES_AGGRESSIVE;
				GCC_WARN_UNUSED_FUNCTION = YES;
				GCC_WARN_UNUSED_VARIABLE = YES;
				IPHONEOS_DEPLOYMENT_TARGET = 17.0;
				LOCALIZATION_PREFERS_STRING_CATALOGS = YES;
				MTL_ENABLE_DEBUG_INFO = INCLUDE_SOURCE;
				MTL_FAST_MATH = YES;
				ONLY_ACTIVE_ARCH = YES;
				SDKROOT = iphoneos;
				SWIFT_ACTIVE_COMPILATION_CONDITIONS = "DEBUG $(inherited)";
				SWIFT_OPTIMIZATION_LEVEL = "-Onone";
			};
			name = Debug;
		};
		D0E216BC2B25F59300308F73 /* Release */ = {
			isa = XCBuildConfiguration;
			buildSettings = {
				ALWAYS_SEARCH_USER_PATHS = NO;
				ASSETCATALOG_COMPILER_GENERATE_SWIFT_ASSET_SYMBOL_EXTENSIONS = YES;
				CLANG_ANALYZER_NONNULL = YES;
				CLANG_ANALYZER_NUMBER_OBJECT_CONVERSION = YES_AGGRESSIVE;
				CLANG_CXX_LANGUAGE_STANDARD = "gnu++20";
				CLANG_ENABLE_MODULES = YES;
				CLANG_ENABLE_OBJC_ARC = YES;
				CLANG_ENABLE_OBJC_WEAK = YES;
				CLANG_WARN_BLOCK_CAPTURE_AUTORELEASING = YES;
				CLANG_WARN_BOOL_CONVERSION = YES;
				CLANG_WARN_COMMA = YES;
				CLANG_WARN_CONSTANT_CONVERSION = YES;
				CLANG_WARN_DEPRECATED_OBJC_IMPLEMENTATIONS = YES;
				CLANG_WARN_DIRECT_OBJC_ISA_USAGE = YES_ERROR;
				CLANG_WARN_DOCUMENTATION_COMMENTS = YES;
				CLANG_WARN_EMPTY_BODY = YES;
				CLANG_WARN_ENUM_CONVERSION = YES;
				CLANG_WARN_INFINITE_RECURSION = YES;
				CLANG_WARN_INT_CONVERSION = YES;
				CLANG_WARN_NON_LITERAL_NULL_CONVERSION = YES;
				CLANG_WARN_OBJC_IMPLICIT_RETAIN_SELF = YES;
				CLANG_WARN_OBJC_LITERAL_CONVERSION = YES;
				CLANG_WARN_OBJC_ROOT_CLASS = YES_ERROR;
				CLANG_WARN_QUOTED_INCLUDE_IN_FRAMEWORK_HEADER = YES;
				CLANG_WARN_RANGE_LOOP_ANALYSIS = YES;
				CLANG_WARN_STRICT_PROTOTYPES = YES;
				CLANG_WARN_SUSPICIOUS_MOVE = YES;
				CLANG_WARN_UNGUARDED_AVAILABILITY = YES_AGGRESSIVE;
				CLANG_WARN_UNREACHABLE_CODE = YES;
				CLANG_WARN__DUPLICATE_METHOD_MATCH = YES;
				COPY_PHASE_STRIP = NO;
				DEBUG_INFORMATION_FORMAT = "dwarf-with-dsym";
				ENABLE_NS_ASSERTIONS = NO;
				ENABLE_STRICT_OBJC_MSGSEND = YES;
				ENABLE_USER_SCRIPT_SANDBOXING = NO;
				GCC_C_LANGUAGE_STANDARD = gnu17;
				GCC_NO_COMMON_BLOCKS = YES;
				GCC_WARN_64_TO_32_BIT_CONVERSION = YES;
				GCC_WARN_ABOUT_RETURN_TYPE = YES_ERROR;
				GCC_WARN_UNDECLARED_SELECTOR = YES;
				GCC_WARN_UNINITIALIZED_AUTOS = YES_AGGRESSIVE;
				GCC_WARN_UNUSED_FUNCTION = YES;
				GCC_WARN_UNUSED_VARIABLE = YES;
				IPHONEOS_DEPLOYMENT_TARGET = 17.0;
				LOCALIZATION_PREFERS_STRING_CATALOGS = YES;
				MTL_ENABLE_DEBUG_INFO = NO;
				MTL_FAST_MATH = YES;
				SDKROOT = iphoneos;
				SWIFT_COMPILATION_MODE = wholemodule;
				VALIDATE_PRODUCT = YES;
			};
			name = Release;
		};
		D0E216BE2B25F59300308F73 /* Debug */ = {
			isa = XCBuildConfiguration;
			baseConfigurationReference = 1AA623189856C709F1459AFF /* Pods-chatApp.debug.xcconfig */;
			buildSettings = {
				ASSETCATALOG_COMPILER_APPICON_NAME = AppIcon;
				ASSETCATALOG_COMPILER_GLOBAL_ACCENT_COLOR_NAME = AccentColor;
				CODE_SIGN_STYLE = Automatic;
				CURRENT_PROJECT_VERSION = 1;
				DEVELOPMENT_TEAM = 9X3WBY9BN8;
				GENERATE_INFOPLIST_FILE = YES;
				INFOPLIST_FILE = chatApp/Info.plist;
				INFOPLIST_KEY_UIApplicationSupportsIndirectInputEvents = YES;
				INFOPLIST_KEY_UILaunchStoryboardName = LaunchScreen;
				INFOPLIST_KEY_UIMainStoryboardFile = Main;
				INFOPLIST_KEY_UISupportedInterfaceOrientations = "UIInterfaceOrientationLandscapeLeft UIInterfaceOrientationLandscapeRight UIInterfaceOrientationPortrait";
				INFOPLIST_KEY_UISupportedInterfaceOrientations_iPad = "UIInterfaceOrientationLandscapeLeft UIInterfaceOrientationLandscapeRight UIInterfaceOrientationPortrait UIInterfaceOrientationPortraitUpsideDown";
				LD_RUNPATH_SEARCH_PATHS = (
					"$(inherited)",
					"@executable_path/Frameworks",
				);
				MARKETING_VERSION = 1.0;
				PRODUCT_BUNDLE_IDENTIFIER = com.allamzharov.chatApp;
				PRODUCT_NAME = "$(TARGET_NAME)";
				SWIFT_EMIT_LOC_STRINGS = YES;
				SWIFT_VERSION = 5.0;
				TARGETED_DEVICE_FAMILY = "1,2";
			};
			name = Debug;
		};
		D0E216BF2B25F59300308F73 /* Release */ = {
			isa = XCBuildConfiguration;
			baseConfigurationReference = 69E35E8ABAC88A718401B129 /* Pods-chatApp.release.xcconfig */;
			buildSettings = {
				ASSETCATALOG_COMPILER_APPICON_NAME = AppIcon;
				ASSETCATALOG_COMPILER_GLOBAL_ACCENT_COLOR_NAME = AccentColor;
				CODE_SIGN_STYLE = Automatic;
				CURRENT_PROJECT_VERSION = 1;
				DEVELOPMENT_TEAM = 9X3WBY9BN8;
				GENERATE_INFOPLIST_FILE = YES;
				INFOPLIST_FILE = chatApp/Info.plist;
				INFOPLIST_KEY_UIApplicationSupportsIndirectInputEvents = YES;
				INFOPLIST_KEY_UILaunchStoryboardName = LaunchScreen;
				INFOPLIST_KEY_UIMainStoryboardFile = Main;
				INFOPLIST_KEY_UISupportedInterfaceOrientations = "UIInterfaceOrientationLandscapeLeft UIInterfaceOrientationLandscapeRight UIInterfaceOrientationPortrait";
				INFOPLIST_KEY_UISupportedInterfaceOrientations_iPad = "UIInterfaceOrientationLandscapeLeft UIInterfaceOrientationLandscapeRight UIInterfaceOrientationPortrait UIInterfaceOrientationPortraitUpsideDown";
				LD_RUNPATH_SEARCH_PATHS = (
					"$(inherited)",
					"@executable_path/Frameworks",
				);
				MARKETING_VERSION = 1.0;
				PRODUCT_BUNDLE_IDENTIFIER = com.allamzharov.chatApp;
				PRODUCT_NAME = "$(TARGET_NAME)";
				SWIFT_EMIT_LOC_STRINGS = YES;
				SWIFT_VERSION = 5.0;
				TARGETED_DEVICE_FAMILY = "1,2";
			};
			name = Release;
		};
/* End XCBuildConfiguration section */

/* Begin XCConfigurationList section */
		D0E216A42B25F58F00308F73 /* Build configuration list for PBXProject "chatApp" */ = {
			isa = XCConfigurationList;
			buildConfigurations = (
				D0E216BB2B25F59300308F73 /* Debug */,
				D0E216BC2B25F59300308F73 /* Release */,
			);
			defaultConfigurationIsVisible = 0;
			defaultConfigurationName = Release;
		};
		D0E216BD2B25F59300308F73 /* Build configuration list for PBXNativeTarget "chatApp" */ = {
			isa = XCConfigurationList;
			buildConfigurations = (
				D0E216BE2B25F59300308F73 /* Debug */,
				D0E216BF2B25F59300308F73 /* Release */,
			);
			defaultConfigurationIsVisible = 0;
			defaultConfigurationName = Release;
		};
/* End XCConfigurationList section */

/* Begin XCRemoteSwiftPackageReference section */
		D0C2BEAA2B5563FD00FBF2BB /* XCRemoteSwiftPackageReference "swift-algorithms" */ = {
			isa = XCRemoteSwiftPackageReference;
			repositoryURL = "https://github.com/apple/swift-algorithms.git";
			requirement = {
				kind = upToNextMajorVersion;
				minimumVersion = 1.2.0;
			};
		};
/* End XCRemoteSwiftPackageReference section */

/* Begin XCSwiftPackageProductDependency section */
		D0C2BEAB2B5563FD00FBF2BB /* Algorithms */ = {
			isa = XCSwiftPackageProductDependency;
			package = D0C2BEAA2B5563FD00FBF2BB /* XCRemoteSwiftPackageReference "swift-algorithms" */;
			productName = Algorithms;
		};
/* End XCSwiftPackageProductDependency section */
	};
	rootObject = D0E216A12B25F58F00308F73 /* Project object */;
}
